// !$*UTF8*$!
{
	archiveVersion = 1;
	classes = {
	};
	objectVersion = 46;
	objects = {

/* Begin PBXBuildFile section */
		18A140B51CDD6D1100AEFAB2 /* UIImage+Extension.m in Sources */ = {isa = PBXBuildFile; fileRef = 18A140B11CDD6D1100AEFAB2 /* UIImage+Extension.m */; };
		18A140B61CDD6D1100AEFAB2 /* YGAudioTool.m in Sources */ = {isa = PBXBuildFile; fileRef = 18A140B41CDD6D1100AEFAB2 /* YGAudioTool.m */; };
		E4D6DE701CD81BB4006E1B08 /* main.m in Sources */ = {isa = PBXBuildFile; fileRef = E4D6DE6F1CD81BB4006E1B08 /* main.m */; };
		E4D6DE731CD81BB4006E1B08 /* AppDelegate.m in Sources */ = {isa = PBXBuildFile; fileRef = E4D6DE721CD81BB4006E1B08 /* AppDelegate.m */; };
		E4D6DE761CD81BB5006E1B08 /* ViewController.m in Sources */ = {isa = PBXBuildFile; fileRef = E4D6DE751CD81BB5006E1B08 /* ViewController.m */; };
		E4D6DE791CD81BB5006E1B08 /* Main.storyboard in Resources */ = {isa = PBXBuildFile; fileRef = E4D6DE771CD81BB5006E1B08 /* Main.storyboard */; };
		E4D6DE7C1CD81BB5006E1B08 /* YGKit.xcdatamodeld in Sources */ = {isa = PBXBuildFile; fileRef = E4D6DE7A1CD81BB5006E1B08 /* YGKit.xcdatamodeld */; };
		E4D6DE7E1CD81BB5006E1B08 /* Assets.xcassets in Resources */ = {isa = PBXBuildFile; fileRef = E4D6DE7D1CD81BB5006E1B08 /* Assets.xcassets */; };
		E4D6DE811CD81BB5006E1B08 /* LaunchScreen.storyboard in Resources */ = {isa = PBXBuildFile; fileRef = E4D6DE7F1CD81BB5006E1B08 /* LaunchScreen.storyboard */; };
/* End PBXBuildFile section */

/* Begin PBXFileReference section */
		18A140B01CDD6D1100AEFAB2 /* UIImage+Extension.h */ = {isa = PBXFileReference; fileEncoding = 4; lastKnownFileType = sourcecode.c.h; path = "UIImage+Extension.h"; sourceTree = "<group>"; };
		18A140B11CDD6D1100AEFAB2 /* UIImage+Extension.m */ = {isa = PBXFileReference; fileEncoding = 4; lastKnownFileType = sourcecode.c.objc; path = "UIImage+Extension.m"; sourceTree = "<group>"; };
		18A140B31CDD6D1100AEFAB2 /* YGAudioTool.h */ = {isa = PBXFileReference; fileEncoding = 4; lastKnownFileType = sourcecode.c.h; path = YGAudioTool.h; sourceTree = "<group>"; };
		18A140B41CDD6D1100AEFAB2 /* YGAudioTool.m */ = {isa = PBXFileReference; fileEncoding = 4; lastKnownFileType = sourcecode.c.objc; path = YGAudioTool.m; sourceTree = "<group>"; };
		18A140B71CDD6D3F00AEFAB2 /* Singleton.h */ = {isa = PBXFileReference; fileEncoding = 4; lastKnownFileType = sourcecode.c.h; path = Singleton.h; sourceTree = "<group>"; };
		E4D6DE6B1CD81BB3006E1B08 /* YGKit.app */ = {isa = PBXFileReference; explicitFileType = wrapper.application; includeInIndex = 0; path = YGKit.app; sourceTree = BUILT_PRODUCTS_DIR; };
		E4D6DE6F1CD81BB4006E1B08 /* main.m */ = {isa = PBXFileReference; lastKnownFileType = sourcecode.c.objc; path = main.m; sourceTree = "<group>"; };
		E4D6DE711CD81BB4006E1B08 /* AppDelegate.h */ = {isa = PBXFileReference; lastKnownFileType = sourcecode.c.h; path = AppDelegate.h; sourceTree = "<group>"; };
		E4D6DE721CD81BB4006E1B08 /* AppDelegate.m */ = {isa = PBXFileReference; lastKnownFileType = sourcecode.c.objc; path = AppDelegate.m; sourceTree = "<group>"; };
		E4D6DE741CD81BB5006E1B08 /* ViewController.h */ = {isa = PBXFileReference; lastKnownFileType = sourcecode.c.h; path = ViewController.h; sourceTree = "<group>"; };
		E4D6DE751CD81BB5006E1B08 /* ViewController.m */ = {isa = PBXFileReference; lastKnownFileType = sourcecode.c.objc; path = ViewController.m; sourceTree = "<group>"; };
		E4D6DE781CD81BB5006E1B08 /* Base */ = {isa = PBXFileReference; lastKnownFileType = file.storyboard; name = Base; path = Base.lproj/Main.storyboard; sourceTree = "<group>"; };
		E4D6DE7B1CD81BB5006E1B08 /* YGKit.xcdatamodel */ = {isa = PBXFileReference; lastKnownFileType = wrapper.xcdatamodel; path = YGKit.xcdatamodel; sourceTree = "<group>"; };
		E4D6DE7D1CD81BB5006E1B08 /* Assets.xcassets */ = {isa = PBXFileReference; lastKnownFileType = folder.assetcatalog; path = Assets.xcassets; sourceTree = "<group>"; };
		E4D6DE801CD81BB5006E1B08 /* Base */ = {isa = PBXFileReference; lastKnownFileType = file.storyboard; name = Base; path = Base.lproj/LaunchScreen.storyboard; sourceTree = "<group>"; };
		E4D6DE821CD81BB5006E1B08 /* Info.plist */ = {isa = PBXFileReference; lastKnownFileType = text.plist.xml; path = Info.plist; sourceTree = "<group>"; };
/* End PBXFileReference section */

/* Begin PBXFrameworksBuildPhase section */
		E4D6DE681CD81BB3006E1B08 /* Frameworks */ = {
			isa = PBXFrameworksBuildPhase;
			buildActionMask = 2147483647;
			files = (
			);
			runOnlyForDeploymentPostprocessing = 0;
		};
/* End PBXFrameworksBuildPhase section */

/* Begin PBXGroup section */
		18A140AE1CDD6D1100AEFAB2 /* YGKit */ = {
			isa = PBXGroup;
			children = (
				18A140B71CDD6D3F00AEFAB2 /* Singleton.h */,
				18A140AF1CDD6D1100AEFAB2 /* Extension */,
				18A140B21CDD6D1100AEFAB2 /* Tools */,
			);
			path = YGKit;
			sourceTree = "<group>";
		};
		18A140AF1CDD6D1100AEFAB2 /* Extension */ = {
			isa = PBXGroup;
			children = (
				18A140B01CDD6D1100AEFAB2 /* UIImage+Extension.h */,
				18A140B11CDD6D1100AEFAB2 /* UIImage+Extension.m */,
			);
			path = Extension;
			sourceTree = "<group>";
		};
		18A140B21CDD6D1100AEFAB2 /* Tools */ = {
			isa = PBXGroup;
			children = (
				18A140B31CDD6D1100AEFAB2 /* YGAudioTool.h */,
				18A140B41CDD6D1100AEFAB2 /* YGAudioTool.m */,
			);
			path = Tools;
			sourceTree = "<group>";
		};
		E4D6DE621CD81BB3006E1B08 = {
			isa = PBXGroup;
			children = (
				E4D6DE6D1CD81BB3006E1B08 /* YGKit */,
				E4D6DE6C1CD81BB3006E1B08 /* Products */,
			);
			sourceTree = "<group>";
		};
		E4D6DE6C1CD81BB3006E1B08 /* Products */ = {
			isa = PBXGroup;
			children = (
				E4D6DE6B1CD81BB3006E1B08 /* YGKit.app */,
			);
			name = Products;
			sourceTree = "<group>";
		};
		E4D6DE6D1CD81BB3006E1B08 /* YGKit */ = {
			isa = PBXGroup;
			children = (
				18A140AE1CDD6D1100AEFAB2 /* YGKit */,
				E4D6DE711CD81BB4006E1B08 /* AppDelegate.h */,
				E4D6DE721CD81BB4006E1B08 /* AppDelegate.m */,
				E4D6DE741CD81BB5006E1B08 /* ViewController.h */,
				E4D6DE751CD81BB5006E1B08 /* ViewController.m */,
				E4D6DE771CD81BB5006E1B08 /* Main.storyboard */,
				E4D6DE7D1CD81BB5006E1B08 /* Assets.xcassets */,
				E4D6DE7F1CD81BB5006E1B08 /* LaunchScreen.storyboard */,
				E4D6DE821CD81BB5006E1B08 /* Info.plist */,
				E4D6DE7A1CD81BB5006E1B08 /* YGKit.xcdatamodeld */,
				E4D6DE6E1CD81BB4006E1B08 /* Supporting Files */,
			);
			path = YGKit;
			sourceTree = "<group>";
		};
		E4D6DE6E1CD81BB4006E1B08 /* Supporting Files */ = {
			isa = PBXGroup;
			children = (
				E4D6DE6F1CD81BB4006E1B08 /* main.m */,
			);
			name = "Supporting Files";
			sourceTree = "<group>";
		};
/* End PBXGroup section */

/* Begin PBXNativeTarget section */
		E4D6DE6A1CD81BB3006E1B08 /* YGKit */ = {
			isa = PBXNativeTarget;
			buildConfigurationList = E4D6DE851CD81BB5006E1B08 /* Build configuration list for PBXNativeTarget "YGKit" */;
			buildPhases = (
				E4D6DE671CD81BB3006E1B08 /* Sources */,
				E4D6DE681CD81BB3006E1B08 /* Frameworks */,
				E4D6DE691CD81BB3006E1B08 /* Resources */,
			);
			buildRules = (
			);
			dependencies = (
			);
			name = YGKit;
			productName = YGKit;
			productReference = E4D6DE6B1CD81BB3006E1B08 /* YGKit.app */;
			productType = "com.apple.product-type.application";
		};
/* End PBXNativeTarget section */

/* Begin PBXProject section */
		E4D6DE631CD81BB3006E1B08 /* Project object */ = {
			isa = PBXProject;
			attributes = {
				LastUpgradeCheck = 0710;
				ORGANIZATIONNAME = yg;
				TargetAttributes = {
					E4D6DE6A1CD81BB3006E1B08 = {
						CreatedOnToolsVersion = 7.1.1;
						DevelopmentTeam = S4C3D2N349;
					};
				};
			};
			buildConfigurationList = E4D6DE661CD81BB3006E1B08 /* Build configuration list for PBXProject "YGKit" */;
			compatibilityVersion = "Xcode 3.2";
			developmentRegion = English;
			hasScannedForEncodings = 0;
			knownRegions = (
				en,
				Base,
			);
			mainGroup = E4D6DE621CD81BB3006E1B08;
			productRefGroup = E4D6DE6C1CD81BB3006E1B08 /* Products */;
			projectDirPath = "";
			projectRoot = "";
			targets = (
				E4D6DE6A1CD81BB3006E1B08 /* YGKit */,
			);
		};
/* End PBXProject section */

/* Begin PBXResourcesBuildPhase section */
		E4D6DE691CD81BB3006E1B08 /* Resources */ = {
			isa = PBXResourcesBuildPhase;
			buildActionMask = 2147483647;
			files = (
				E4D6DE811CD81BB5006E1B08 /* LaunchScreen.storyboard in Resources */,
				E4D6DE7E1CD81BB5006E1B08 /* Assets.xcassets in Resources */,
				E4D6DE791CD81BB5006E1B08 /* Main.storyboard in Resources */,
			);
			runOnlyForDeploymentPostprocessing = 0;
		};
/* End PBXResourcesBuildPhase section */

/* Begin PBXSourcesBuildPhase section */
		E4D6DE671CD81BB3006E1B08 /* Sources */ = {
			isa = PBXSourcesBuildPhase;
			buildActionMask = 2147483647;
			files = (
				18A140B51CDD6D1100AEFAB2 /* UIImage+Extension.m in Sources */,
				E4D6DE761CD81BB5006E1B08 /* ViewController.m in Sources */,
				E4D6DE731CD81BB4006E1B08 /* AppDelegate.m in Sources */,
				E4D6DE7C1CD81BB5006E1B08 /* YGKit.xcdatamodeld in Sources */,
				18A140B61CDD6D1100AEFAB2 /* YGAudioTool.m in Sources */,
				E4D6DE701CD81BB4006E1B08 /* main.m in Sources */,
			);
			runOnlyForDeploymentPostprocessing = 0;
		};
/* End PBXSourcesBuildPhase section */

/* Begin PBXVariantGroup section */
		E4D6DE771CD81BB5006E1B08 /* Main.storyboard */ = {
			isa = PBXVariantGroup;
			children = (
				E4D6DE781CD81BB5006E1B08 /* Base */,
			);
			name = Main.storyboard;
			sourceTree = "<group>";
		};
		E4D6DE7F1CD81BB5006E1B08 /* LaunchScreen.storyboard */ = {
			isa = PBXVariantGroup;
			children = (
				E4D6DE801CD81BB5006E1B08 /* Base */,
			);
			name = LaunchScreen.storyboard;
			sourceTree = "<group>";
		};
/* End PBXVariantGroup section */

/* Begin XCBuildConfiguration section */
		E4D6DE831CD81BB5006E1B08 /* Debug */ = {
			isa = XCBuildConfiguration;
			buildSettings = {
				ALWAYS_SEARCH_USER_PATHS = NO;
				CLANG_CXX_LANGUAGE_STANDARD = "gnu++0x";
				CLANG_CXX_LIBRARY = "libc++";
				CLANG_ENABLE_MODULES = YES;
				CLANG_ENABLE_OBJC_ARC = YES;
				CLANG_WARN_BOOL_CONVERSION = YES;
				CLANG_WARN_CONSTANT_CONVERSION = YES;
				CLANG_WARN_DIRECT_OBJC_ISA_USAGE = YES_ERROR;
				CLANG_WARN_EMPTY_BODY = YES;
				CLANG_WARN_ENUM_CONVERSION = YES;
				CLANG_WARN_INT_CONVERSION = YES;
				CLANG_WARN_OBJC_ROOT_CLASS = YES_ERROR;
				CLANG_WARN_UNREACHABLE_CODE = YES;
				CLANG_WARN__DUPLICATE_METHOD_MATCH = YES;
				"CODE_SIGN_IDENTITY[sdk=iphoneos*]" = "iPhone Developer";
				COPY_PHASE_STRIP = NO;
				DEBUG_INFORMATION_FORMAT = dwarf;
				ENABLE_STRICT_OBJC_MSGSEND = YES;
				ENABLE_TESTABILITY = YES;
				GCC_C_LANGUAGE_STANDARD = gnu99;
				GCC_DYNAMIC_NO_PIC = NO;
				GCC_NO_COMMON_BLOCKS = YES;
				GCC_OPTIMIZATION_LEVEL = 0;
				GCC_PREPROCESSOR_DEFINITIONS = (
					"DEBUG=1",
					"$(inherited)",
				);
				GCC_WARN_64_TO_32_BIT_CONVERSION = YES;
				GCC_WARN_ABOUT_RETURN_TYPE = YES_ERROR;
				GCC_WARN_UNDECLARED_SELECTOR = YES;
				GCC_WARN_UNINITIALIZED_AUTOS = YES_AGGRESSIVE;
				GCC_WARN_UNUSED_FUNCTION = YES;
				GCC_WARN_UNUSED_VARIABLE = YES;
				IPHONEOS_DEPLOYMENT_TARGET = 9.1;
				MTL_ENABLE_DEBUG_INFO = YES;
				ONLY_ACTIVE_ARCH = YES;
				SDKROOT = iphoneos;
			};
			name = Debug;
		};
		E4D6DE841CD81BB5006E1B08 /* Release */ = {
			isa = XCBuildConfiguration;
			buildSettings = {
				ALWAYS_SEARCH_USER_PATHS = NO;
				CLANG_CXX_LANGUAGE_STANDARD = "gnu++0x";
				CLANG_CXX_LIBRARY = "libc++";
				CLANG_ENABLE_MODULES = YES;
				CLANG_ENABLE_OBJC_ARC = YES;
				CLANG_WARN_BOOL_CONVERSION = YES;
				CLANG_WARN_CONSTANT_CONVERSION = YES;
				CLANG_WARN_DIRECT_OBJC_ISA_USAGE = YES_ERROR;
				CLANG_WARN_EMPTY_BODY = YES;
				CLANG_WARN_ENUM_CONVERSION = YES;
				CLANG_WARN_INT_CONVERSION = YES;
				CLANG_WARN_OBJC_ROOT_CLASS = YES_ERROR;
				CLANG_WARN_UNREACHABLE_CODE = YES;
				CLANG_WARN__DUPLICATE_METHOD_MATCH = YES;
				"CODE_SIGN_IDENTITY[sdk=iphoneos*]" = "iPhone Developer";
				COPY_PHASE_STRIP = NO;
				DEBUG_INFORMATION_FORMAT = "dwarf-with-dsym";
				ENABLE_NS_ASSERTIONS = NO;
				ENABLE_STRICT_OBJC_MSGSEND = YES;
				GCC_C_LANGUAGE_STANDARD = gnu99;
				GCC_NO_COMMON_BLOCKS = YES;
				GCC_WARN_64_TO_32_BIT_CONVERSION = YES;
				GCC_WARN_ABOUT_RETURN_TYPE = YES_ERROR;
				GCC_WARN_UNDECLARED_SELECTOR = YES;
				GCC_WARN_UNINITIALIZED_AUTOS = YES_AGGRESSIVE;
				GCC_WARN_UNUSED_FUNCTION = YES;
				GCC_WARN_UNUSED_VARIABLE = YES;
				IPHONEOS_DEPLOYMENT_TARGET = 9.1;
				MTL_ENABLE_DEBUG_INFO = NO;
				SDKROOT = iphoneos;
				VALIDATE_PRODUCT = YES;
			};
			name = Release;
		};
		E4D6DE861CD81BB5006E1B08 /* Debug */ = {
			isa = XCBuildConfiguration;
			buildSettings = {
				ASSETCATALOG_COMPILER_APPICON_NAME = AppIcon;
				INFOPLIST_FILE = YGKit/Info.plist;
				LD_RUNPATH_SEARCH_PATHS = "$(inherited) @executable_path/Frameworks";
				PRODUCT_BUNDLE_IDENTIFIER = com.yg.YGKit;
				PRODUCT_NAME = "$(TARGET_NAME)";
			};
			name = Debug;
		};
		E4D6DE871CD81BB5006E1B08 /* Release */ = {
			isa = XCBuildConfiguration;
			buildSettings = {
				ASSETCATALOG_COMPILER_APPICON_NAME = AppIcon;
				INFOPLIST_FILE = YGKit/Info.plist;
				LD_RUNPATH_SEARCH_PATHS = "$(inherited) @executable_path/Frameworks";
				PRODUCT_BUNDLE_IDENTIFIER = com.yg.YGKit;
				PRODUCT_NAME = "$(TARGET_NAME)";
			};
			name = Release;
		};
/* End XCBuildConfiguration section */

/* Begin XCConfigurationList section */
		E4D6DE661CD81BB3006E1B08 /* Build configuration list for PBXProject "YGKit" */ = {
			isa = XCConfigurationList;
			buildConfigurations = (
				E4D6DE831CD81BB5006E1B08 /* Debug */,
				E4D6DE841CD81BB5006E1B08 /* Release */,
			);
			defaultConfigurationIsVisible = 0;
			defaultConfigurationName = Release;
		};
		E4D6DE851CD81BB5006E1B08 /* Build configuration list for PBXNativeTarget "YGKit" */ = {
			isa = XCConfigurationList;
			buildConfigurations = (
				E4D6DE861CD81BB5006E1B08 /* Debug */,
				E4D6DE871CD81BB5006E1B08 /* Release */,
			);
			defaultConfigurationIsVisible = 0;
			defaultConfigurationName = Release;
		};
/* End XCConfigurationList section */

/* Begin XCVersionGroup section */
		E4D6DE7A1CD81BB5006E1B08 /* YGKit.xcdatamodeld */ = {
			isa = XCVersionGroup;
			children = (
				E4D6DE7B1CD81BB5006E1B08 /* YGKit.xcdatamodel */,
			);
			currentVersion = E4D6DE7B1CD81BB5006E1B08 /* YGKit.xcdatamodel */;
			path = YGKit.xcdatamodeld;
			sourceTree = "<group>";
			versionGroupType = wrapper.xcdatamodel;
		};
/* End XCVersionGroup section */
	};
	rootObject = E4D6DE631CD81BB3006E1B08 /* Project object */;
}
